{
  "name": "cache-everything-redis",
  "version": "1.0.1",
  "lockfileVersion": 1,
  "requires": true,
  "dependencies": {
    "cacheman-redis": {
      "version": "1.1.2",
      "resolved": "https://registry.npmjs.org/cacheman-redis/-/cacheman-redis-1.1.2.tgz",
      "integrity": "sha1-1URU3UkoA/8zgq2Sn8uGk+o5TLY=",
      "requires": {
        "parse-redis-url": "0.0.2",
        "redis": "2.8.0"
      }
    },
    "double-ended-queue": {
      "version": "2.1.0-0",
      "resolved": "https://registry.npmjs.org/double-ended-queue/-/double-ended-queue-2.1.0-0.tgz",
      "integrity": "sha1-ED01J/0xUo9AGIEwyEHv3XgmTlw="
    },
    "object-hash": {
      "version": "1.2.0",
      "resolved": "https://registry.npmjs.org/object-hash/-/object-hash-1.2.0.tgz",
      "integrity": "sha512-smRWXzkvxw72VquyZ0wggySl7PFUtoDhvhpdwgESXxUrH7vVhhp9asfup1+rVLrhsl7L45Ee1Q/l5R2Ul4MwUg=="
    },
    "pako": {
      "version": "1.0.6",
      "resolved": "https://registry.npmjs.org/pako/-/pako-1.0.6.tgz",
      "integrity": "sha512-lQe48YPsMJAig+yngZ87Lus+NF+3mtu7DVOBu6b/gHO1YpKwIj5AWjZ/TOS7i46HD/UixzWb1zeWDZfGZ3iYcg=="
    },
    "parse-redis-url": {
      "version": "0.0.2",
      "resolved": "https://registry.npmjs.org/parse-redis-url/-/parse-redis-url-0.0.2.tgz",
      "integrity": "sha1-E8kqCrvm8lEgBqjEnebLe43Usnc="
    },
    "redis": {
      "version": "2.8.0",
      "resolved": "https://registry.npmjs.org/redis/-/redis-2.8.0.tgz",
      "integrity": "sha512-M1OkonEQwtRmZv4tEWF2VgpG0JWJ8Fv1PhlgT5+B+uNq2cA3Rt1Yt/ryoR+vQNOQcIEgdCdfH0jr3bDpihAw1A==",
      "requires": {
        "double-ended-queue": "2.1.0-0",
        "redis-commands": "1.3.5",
        "redis-parser": "2.6.0"
      }
    },
    "redis-commands": {
      "version": "1.3.5",
      "resolved": "https://registry.npmjs.org/redis-commands/-/redis-commands-1.3.5.tgz",
      "integrity": "sha512-foGF8u6MXGFF++1TZVC6icGXuMYPftKXt1FBT2vrfU9ZATNtZJ8duRC5d1lEfE8hyVe3jhelHGB91oB7I6qLsA=="
    },
    "redis-parser": {
      "version": "2.6.0",
      "resolved": "https://registry.npmjs.org/redis-parser/-/redis-parser-2.6.0.tgz",
      "integrity": "sha1-Uu0J2srBCPGmMcB+m2mUHnoZUEs="
    },
    "typescript": {
      "version": "2.7.2",
      "resolved": "https://registry.npmjs.org/typescript/-/typescript-2.7.2.tgz",
      "integrity": "sha512-p5TCYZDAO0m4G344hD+wx/LATebLWZNkkh2asWUFqSsD2OrDNhbAHuSjobrmsUmdzjJjEeZVU9g1h3O6vpstnw=="
    }
  }
}
